
Microsoft Visual Studio Solution File, Format Version 12.00
# Visual Studio Version 17
VisualStudioVersion = 17.11.35208.52
MinimumVisualStudioVersion = 10.0.40219.1
Project("{FAE04EC0-301F-11D3-BF4B-00C04F79EFBC}") = "Atividade", "Atividade\Atividade.csproj", "{FABEBC7E-3CC2-4B20-AA4F-A62ED1C9B567}"
EndProject
Global
	GlobalSection(SolutionConfigurationPlatforms) = preSolution
		Debug|Any CPU = Debug|Any CPU
		Release|Any CPU = Release|Any CPU
	EndGlobalSection
	GlobalSection(ProjectConfigurationPlatforms) = postSolution
		{FABEBC7E-3CC2-4B20-AA4F-A62ED1C9B567}.Debug|Any CPU.ActiveCfg = Debug|Any CPU
		{FABEBC7E-3CC2-4B20-AA4F-A62ED1C9B567}.Debug|Any CPU.Build.0 = Debug|Any CPU
		{FABEBC7E-3CC2-4B20-AA4F-A62ED1C9B567}.Release|Any CPU.ActiveCfg = Release|Any CPU
		{FABEBC7E-3CC2-4B20-AA4F-A62ED1C9B567}.Release|Any CPU.Build.0 = Release|Any CPU
	EndGlobalSection
	GlobalSection(SolutionProperties) = preSolution
		HideSolutionNode = FALSE
	EndGlobalSection
	GlobalSection(ExtensibilityGlobals) = postSolution
		SolutionGuid = {F0F0B53F-41E7-4532-9451-E1AA9D409EC3}
	EndGlobalSection
EndGlobal
